{
  "name": "r336",
  "version": "0.11.0",
  "lockfileVersion": 3,
  "requires": true,
  "packages": {
    "": {
      "name": "r336",
      "version": "0.11.0",
      "license": "MIT",
      "bin": {
        "r336c": "bin/r336c.js"
      },
      "engines": {
        "node": ">=22"
      }
    }
  }
}
