{
  "name": "spicebag",
  "version": "0.4.0",
  "lockfileVersion": 3,
  "requires": true,
  "packages": {
    "": {
      "name": "spicebag",
      "version": "0.4.0",
      "license": "MIT",
      "bin": {
        "sbc": "bin/sbc.js"
      },
      "engines": {
        "node": ">=22"
      }
    }
  }
}
